
Microsoft Visual Studio Solution File, Format Version 12.00
# Visual Studio Version 17
VisualStudioVersion = 17.4.33110.190
MinimumVisualStudioVersion = 10.0.40219.1
Project("{9A19103F-16F7-4668-BE54-9A1E7A4F7556}") = "BestUnitPriceApp", "BestUnitPriceApp\BestUnitPriceApp.csproj", "{72CBF77F-F33C-4B42-AF08-46A7F82D8757}"
EndProject
Global
	GlobalSection(SolutionConfigurationPlatforms) = preSolution
		Debug|Any CPU = Debug|Any CPU
		Release|Any CPU = Release|Any CPU
	EndGlobalSection
	GlobalSection(ProjectConfigurationPlatforms) = postSolution
		{72CBF77F-F33C-4B42-AF08-46A7F82D8757}.Debug|Any CPU.ActiveCfg = Debug|Any CPU
		{72CBF77F-F33C-4B42-AF08-46A7F82D8757}.Debug|Any CPU.Build.0 = Debug|Any CPU
		{72CBF77F-F33C-4B42-AF08-46A7F82D8757}.Debug|Any CPU.Deploy.0 = Debug|Any CPU
		{72CBF77F-F33C-4B42-AF08-46A7F82D8757}.Release|Any CPU.ActiveCfg = Release|Any CPU
		{72CBF77F-F33C-4B42-AF08-46A7F82D8757}.Release|Any CPU.Build.0 = Release|Any CPU
		{72CBF77F-F33C-4B42-AF08-46A7F82D8757}.Release|Any CPU.Deploy.0 = Release|Any CPU
	EndGlobalSection
	GlobalSection(SolutionProperties) = preSolution
		HideSolutionNode = FALSE
	EndGlobalSection
	GlobalSection(ExtensibilityGlobals) = postSolution
		SolutionGuid = {E4B8DD2D-05FB-4A74-AAF6-73E9B5B30991}
	EndGlobalSection
EndGlobal
